// !$*UTF8*$!
{archiveVersion = 1; classes = {}; objectVersion = 56; objects = {
000000000000000000000001 = {isa = PBXFileReference; lastKnownFileType = sourcecode.swift; path = "../../macos-native/Sources/EngineProtocol.swift"; sourceTree = SOURCE_ROOT;};
000000000000000000000002 = {isa = PBXBuildFile; fileRef = 000000000000000000000001;};
000000000000000000000003 = {isa = PBXFileReference; lastKnownFileType = sourcecode.swift; path = "../../macos-native/Sources/EngineStore.swift"; sourceTree = SOURCE_ROOT;};
000000000000000000000004 = {isa = PBXBuildFile; fileRef = 000000000000000000000003;};
000000000000000000000005 = {isa = PBXFileReference; lastKnownFileType = sourcecode.swift; path = "../../macos-native/Sources/LibraryView.swift"; sourceTree = SOURCE_ROOT;};
000000000000000000000006 = {isa = PBXBuildFile; fileRef = 000000000000000000000005;};
000000000000000000000007 = {isa = PBXFileReference; lastKnownFileType = sourcecode.swift; path = "../../macos-native/Sources/MoonlightNativeApp.swift"; sourceTree = SOURCE_ROOT;};
000000000000000000000008 = {isa = PBXBuildFile; fileRef = 000000000000000000000007;};
000000000000000000000009 = {isa = PBXFileReference; lastKnownFileType = sourcecode.swift; path = "../../macos-native/Sources/NativeControllerNavigation.swift"; sourceTree = SOURCE_ROOT;};
00000000000000000000000A = {isa = PBXBuildFile; fileRef = 000000000000000000000009;};
00000000000000000000000B = {isa = PBXFileReference; lastKnownFileType = sourcecode.swift; path = "../../macos-native/Sources/NativeSettingsView.swift"; sourceTree = SOURCE_ROOT;};
00000000000000000000000C = {isa = PBXBuildFile; fileRef = 00000000000000000000000B;};
00000000000000000000000D = {isa = PBXFileReference; lastKnownFileType = sourcecode.swift; path = "../../macos-native/Sources/Sheets.swift"; sourceTree = SOURCE_ROOT;};
00000000000000000000000E = {isa = PBXBuildFile; fileRef = 00000000000000000000000D;};
00000000000000000000000F = {isa = PBXFileReference; lastKnownFileType = sourcecode.swift; path = NativeUIScreensTests.swift; sourceTree = SOURCE_ROOT;};
000000000000000000000010 = {isa = PBXBuildFile; fileRef = 00000000000000000000000F;};
000000000000000000000011 = {isa = PBXFileReference; lastKnownFileType = text.json; path = "preview-settings.json"; sourceTree = SOURCE_ROOT;};
000000000000000000000012 = {isa = PBXBuildFile; fileRef = 000000000000000000000011;};
000000000000000000000013 = {isa = PBXFileReference; explicitFileType = wrapper.application; path = MoonlightNative.app; sourceTree = BUILT_PRODUCTS_DIR;};
000000000000000000000014 = {isa = PBXFileReference; explicitFileType = wrapper.cfbundle; path = NativeUITests.xctest; sourceTree = BUILT_PRODUCTS_DIR;};
000000000000000000000015 = {isa = PBXGroup; children = (000000000000000000000013,000000000000000000000014,); name = Products; sourceTree = "<group>";};
000000000000000000000016 = {isa = PBXGroup; children = (000000000000000000000001,000000000000000000000003,000000000000000000000005,000000000000000000000007,000000000000000000000009,00000000000000000000000B,00000000000000000000000D,00000000000000000000000F,000000000000000000000011,000000000000000000000015,); sourceTree = "<group>";};
000000000000000000000017 = {isa = PBXSourcesBuildPhase; buildActionMask = 2147483647; files = (000000000000000000000002,000000000000000000000004,000000000000000000000006,000000000000000000000008,00000000000000000000000A,00000000000000000000000C,00000000000000000000000E,); runOnlyForDeploymentPostprocessing = 0;};
000000000000000000000018 = {isa = PBXFrameworksBuildPhase; buildActionMask = 2147483647; files = (); runOnlyForDeploymentPostprocessing = 0;};
000000000000000000000019 = {isa = PBXResourcesBuildPhase; buildActionMask = 2147483647; files = (); runOnlyForDeploymentPostprocessing = 0;};
00000000000000000000001A = {isa = PBXSourcesBuildPhase; buildActionMask = 2147483647; files = (000000000000000000000010,); runOnlyForDeploymentPostprocessing = 0;};
00000000000000000000001B = {isa = PBXFrameworksBuildPhase; buildActionMask = 2147483647; files = (); runOnlyForDeploymentPostprocessing = 0;};
00000000000000000000001C = {isa = PBXResourcesBuildPhase; buildActionMask = 2147483647; files = (000000000000000000000012,); runOnlyForDeploymentPostprocessing = 0;};
00000000000000000000001D = {isa = XCBuildConfiguration; buildSettings = {SDKROOT = macosx; MACOSX_DEPLOYMENT_TARGET = 15.0; SWIFT_VERSION = 5.0; CODE_SIGN_IDENTITY = "-"; CODE_SIGN_STYLE = Manual; ENABLE_HARDENED_RUNTIME = NO;}; name = Debug;};
00000000000000000000001E = {isa = XCBuildConfiguration; buildSettings = {SDKROOT = macosx; MACOSX_DEPLOYMENT_TARGET = 15.0; SWIFT_VERSION = 5.0; CODE_SIGN_IDENTITY = "-"; CODE_SIGN_STYLE = Manual; ENABLE_HARDENED_RUNTIME = NO;}; name = Release;};
00000000000000000000001F = {isa = XCConfigurationList; buildConfigurations = (00000000000000000000001D,00000000000000000000001E,); defaultConfigurationIsVisible = 0; defaultConfigurationName = Debug;};
000000000000000000000020 = {isa = XCBuildConfiguration; buildSettings = {PRODUCT_NAME = MoonlightNative; PRODUCT_BUNDLE_IDENTIFIER = com.moonlight-stream.NativeGlass; INFOPLIST_FILE = ../../macos-native/Info.plist; GENERATE_INFOPLIST_FILE = NO; SWIFT_OPTIMIZATION_LEVEL = "-Onone";}; name = Debug;};
000000000000000000000021 = {isa = XCBuildConfiguration; buildSettings = {PRODUCT_NAME = MoonlightNative; PRODUCT_BUNDLE_IDENTIFIER = com.moonlight-stream.NativeGlass; INFOPLIST_FILE = ../../macos-native/Info.plist; GENERATE_INFOPLIST_FILE = NO; SWIFT_OPTIMIZATION_LEVEL = "-Onone";}; name = Release;};
000000000000000000000022 = {isa = XCConfigurationList; buildConfigurations = (000000000000000000000020,000000000000000000000021,); defaultConfigurationIsVisible = 0; defaultConfigurationName = Debug;};
000000000000000000000023 = {isa = PBXNativeTarget; buildConfigurationList = 000000000000000000000022; buildPhases = (000000000000000000000017,000000000000000000000018,000000000000000000000019,); buildRules = (); dependencies = (); name = MoonlightNative; productName = MoonlightNative; productReference = 000000000000000000000013; productType = "com.apple.product-type.application";};
000000000000000000000024 = {isa = PBXTargetDependency; target = 000000000000000000000023;};
000000000000000000000025 = {isa = XCBuildConfiguration; buildSettings = {PRODUCT_NAME = NativeUITests; PRODUCT_BUNDLE_IDENTIFIER = com.moonlight-stream.NativeGlass.UITests; GENERATE_INFOPLIST_FILE = YES; TEST_TARGET_NAME = MoonlightNative; LD_RUNPATH_SEARCH_PATHS = "$(inherited) @executable_path/../Frameworks @loader_path/../Frameworks";}; name = Debug;};
000000000000000000000026 = {isa = XCBuildConfiguration; buildSettings = {PRODUCT_NAME = NativeUITests; PRODUCT_BUNDLE_IDENTIFIER = com.moonlight-stream.NativeGlass.UITests; GENERATE_INFOPLIST_FILE = YES; TEST_TARGET_NAME = MoonlightNative; LD_RUNPATH_SEARCH_PATHS = "$(inherited) @executable_path/../Frameworks @loader_path/../Frameworks";}; name = Release;};
000000000000000000000027 = {isa = XCConfigurationList; buildConfigurations = (000000000000000000000025,000000000000000000000026,); defaultConfigurationIsVisible = 0; defaultConfigurationName = Debug;};
000000000000000000000028 = {isa = PBXNativeTarget; buildConfigurationList = 000000000000000000000027; buildPhases = (00000000000000000000001A,00000000000000000000001B,00000000000000000000001C,); buildRules = (); dependencies = (000000000000000000000024,); name = NativeUITests; productName = NativeUITests; productReference = 000000000000000000000014; productType = "com.apple.product-type.bundle.ui-testing";};
000000000000000000000029 = {isa = PBXProject; attributes = {LastUpgradeCheck = 2600; TargetAttributes = {000000000000000000000028 = {TestTargetID = 000000000000000000000023;};};}; buildConfigurationList = 00000000000000000000001F; compatibilityVersion = "Xcode 14.0"; developmentRegion = en; knownRegions = (en,Base); mainGroup = 000000000000000000000016; productRefGroup = 000000000000000000000015; projectDirPath = ""; projectRoot = ""; targets = (000000000000000000000023,000000000000000000000028,);};
}; rootObject = 000000000000000000000029;}
